
Microsoft Visual Studio Solution File, Format Version 12.00
# Visual Studio Version 17
VisualStudioVersion = 17.8.34408.163
MinimumVisualStudioVersion = 10.0.40219.1
Project("{FAE04EC0-301F-11D3-BF4B-00C04F79EFBC}") = "NewsBoardBE", "NewsBoardTrail\NewsBoardBE.csproj", "{5426989E-7A03-4557-B7D9-1B34E0FEED8F}"
EndProject
Global
	GlobalSection(SolutionConfigurationPlatforms) = preSolution
		Debug|Any CPU = Debug|Any CPU
		Release|Any CPU = Release|Any CPU
	EndGlobalSection
	GlobalSection(ProjectConfigurationPlatforms) = postSolution
		{5426989E-7A03-4557-B7D9-1B34E0FEED8F}.Debug|Any CPU.ActiveCfg = Debug|Any CPU
		{5426989E-7A03-4557-B7D9-1B34E0FEED8F}.Debug|Any CPU.Build.0 = Debug|Any CPU
		{5426989E-7A03-4557-B7D9-1B34E0FEED8F}.Release|Any CPU.ActiveCfg = Release|Any CPU
		{5426989E-7A03-4557-B7D9-1B34E0FEED8F}.Release|Any CPU.Build.0 = Release|Any CPU
	EndGlobalSection
	GlobalSection(SolutionProperties) = preSolution
		HideSolutionNode = FALSE
	EndGlobalSection
	GlobalSection(ExtensibilityGlobals) = postSolution
		SolutionGuid = {32FE8BD8-CF53-4C38-975A-46774C6A5928}
	EndGlobalSection
EndGlobal
